
Microsoft Visual Studio Solution File, Format Version 12.00
# Visual Studio Version 17
VisualStudioVersion = 17.5.002.0
MinimumVisualStudioVersion = 10.0.40219.1
Project("{9A19103F-16F7-4668-BE54-9A1E7A4F7556}") = "PosBackend", "PosBackend.csproj", "{CEE0D204-4F2E-4CD8-AC96-C28513CDB1B8}"
EndProject
Global
	GlobalSection(SolutionConfigurationPlatforms) = preSolution
		Debug|Any CPU = Debug|Any CPU
		Release|Any CPU = Release|Any CPU
	EndGlobalSection
	GlobalSection(ProjectConfigurationPlatforms) = postSolution
		{CEE0D204-4F2E-4CD8-AC96-C28513CDB1B8}.Debug|Any CPU.ActiveCfg = Debug|Any CPU
		{CEE0D204-4F2E-4CD8-AC96-C28513CDB1B8}.Debug|Any CPU.Build.0 = Debug|Any CPU
		{CEE0D204-4F2E-4CD8-AC96-C28513CDB1B8}.Release|Any CPU.ActiveCfg = Release|Any CPU
		{CEE0D204-4F2E-4CD8-AC96-C28513CDB1B8}.Release|Any CPU.Build.0 = Release|Any CPU
	EndGlobalSection
	GlobalSection(SolutionProperties) = preSolution
		HideSolutionNode = FALSE
	EndGlobalSection
	GlobalSection(ExtensibilityGlobals) = postSolution
		SolutionGuid = {7C27C37E-1337-4DB6-814A-CE6B74B27D55}
	EndGlobalSection
EndGlobal
